// !$*UTF8*$!
{
	archiveVersion = 1;
	classes = {
	};
	objectVersion = 50;
	objects = {

/* Begin PBXBuildFile section */
		1EDF4334237C8C0C005BA256 /* DogImage.swift in Sources */ = {isa = PBXBuildFile; fileRef = 1EDF4333237C8C0C005BA256 /* DogImage.swift */; };
		1EDF4336237DFA82005BA256 /* BreedsListResponse.swift in Sources */ = {isa = PBXBuildFile; fileRef = 1EDF4335237DFA82005BA256 /* BreedsListResponse.swift */; };
		CCC322F5237B738F00A48791 /* AppDelegate.swift in Sources */ = {isa = PBXBuildFile; fileRef = CCC322F4237B738F00A48791 /* AppDelegate.swift */; };
		CCC322F7237B738F00A48791 /* SceneDelegate.swift in Sources */ = {isa = PBXBuildFile; fileRef = CCC322F6237B738F00A48791 /* SceneDelegate.swift */; };
		CCC322F9237B738F00A48791 /* ViewController.swift in Sources */ = {isa = PBXBuildFile; fileRef = CCC322F8237B738F00A48791 /* ViewController.swift */; };
		CCC322FC237B738F00A48791 /* Main.storyboard in Resources */ = {isa = PBXBuildFile; fileRef = CCC322FA237B738F00A48791 /* Main.storyboard */; };
		CCC322FF237B738F00A48791 /* Randog_2_0.xcdatamodeld in Sources */ = {isa = PBXBuildFile; fileRef = CCC322FD237B738F00A48791 /* Randog_2_0.xcdatamodeld */; };
		CCC32301237B739100A48791 /* Assets.xcassets in Resources */ = {isa = PBXBuildFile; fileRef = CCC32300237B739100A48791 /* Assets.xcassets */; };
		CCC32304237B739100A48791 /* LaunchScreen.storyboard in Resources */ = {isa = PBXBuildFile; fileRef = CCC32302237B739100A48791 /* LaunchScreen.storyboard */; };
		CCC3230F237B752A00A48791 /* DogAPI.swift in Sources */ = {isa = PBXBuildFile; fileRef = CCC3230E237B752A00A48791 /* DogAPI.swift */; };
/* End PBXBuildFile section */

/* Begin PBXFileReference section */
		1EDF4333237C8C0C005BA256 /* DogImage.swift */ = {isa = PBXFileReference; lastKnownFileType = sourcecode.swift; path = DogImage.swift; sourceTree = "<group>"; };
		1EDF4335237DFA82005BA256 /* BreedsListResponse.swift */ = {isa = PBXFileReference; lastKnownFileType = sourcecode.swift; path = BreedsListResponse.swift; sourceTree = "<group>"; };
		CCC322F1237B738F00A48791 /* Randog-2.0.app */ = {isa = PBXFileReference; explicitFileType = wrapper.application; includeInIndex = 0; path = "Randog-2.0.app"; sourceTree = BUILT_PRODUCTS_DIR; };
		CCC322F4237B738F00A48791 /* AppDelegate.swift */ = {isa = PBXFileReference; lastKnownFileType = sourcecode.swift; path = AppDelegate.swift; sourceTree = "<group>"; };
		CCC322F6237B738F00A48791 /* SceneDelegate.swift */ = {isa = PBXFileReference; lastKnownFileType = sourcecode.swift; path = SceneDelegate.swift; sourceTree = "<group>"; };
		CCC322F8237B738F00A48791 /* ViewController.swift */ = {isa = PBXFileReference; lastKnownFileType = sourcecode.swift; path = ViewController.swift; sourceTree = "<group>"; };
		CCC322FB237B738F00A48791 /* Base */ = {isa = PBXFileReference; lastKnownFileType = file.storyboard; name = Base; path = Base.lproj/Main.storyboard; sourceTree = "<group>"; };
		CCC322FE237B738F00A48791 /* Randog_2_0.xcdatamodel */ = {isa = PBXFileReference; lastKnownFileType = wrapper.xcdatamodel; path = Randog_2_0.xcdatamodel; sourceTree = "<group>"; };
		CCC32300237B739100A48791 /* Assets.xcassets */ = {isa = PBXFileReference; lastKnownFileType = folder.assetcatalog; path = Assets.xcassets; sourceTree = "<group>"; };
		CCC32303237B739100A48791 /* Base */ = {isa = PBXFileReference; lastKnownFileType = file.storyboard; name = Base; path = Base.lproj/LaunchScreen.storyboard; sourceTree = "<group>"; };
		CCC32305237B739100A48791 /* Info.plist */ = {isa = PBXFileReference; lastKnownFileType = text.plist.xml; path = Info.plist; sourceTree = "<group>"; };
		CCC3230E237B752A00A48791 /* DogAPI.swift */ = {isa = PBXFileReference; lastKnownFileType = sourcecode.swift; path = DogAPI.swift; sourceTree = "<group>"; };
/* End PBXFileReference section */

/* Begin PBXFrameworksBuildPhase section */
		CCC322EE237B738F00A48791 /* Frameworks */ = {
			isa = PBXFrameworksBuildPhase;
			buildActionMask = 2147483647;
			files = (
			);
			runOnlyForDeploymentPostprocessing = 0;
		};
/* End PBXFrameworksBuildPhase section */

/* Begin PBXGroup section */
		CCC322E8237B738F00A48791 = {
			isa = PBXGroup;
			children = (
				CCC322F3237B738F00A48791 /* Randog-2.0 */,
				CCC322F2237B738F00A48791 /* Products */,
			);
			sourceTree = "<group>";
		};
		CCC322F2237B738F00A48791 /* Products */ = {
			isa = PBXGroup;
			children = (
				CCC322F1237B738F00A48791 /* Randog-2.0.app */,
			);
			name = Products;
			sourceTree = "<group>";
		};
		CCC322F3237B738F00A48791 /* Randog-2.0 */ = {
			isa = PBXGroup;
			children = (
				CCC322F4237B738F00A48791 /* AppDelegate.swift */,
				CCC322F6237B738F00A48791 /* SceneDelegate.swift */,
				CCC3230C237B74E500A48791 /* Model */,
				CCC3230D237B74EB00A48791 /* Controller */,
				CCC3230B237B73CB00A48791 /* View */,
				CCC32305237B739100A48791 /* Info.plist */,
				CCC322FD237B738F00A48791 /* Randog_2_0.xcdatamodeld */,
			);
			path = "Randog-2.0";
			sourceTree = "<group>";
		};
		CCC3230B237B73CB00A48791 /* View */ = {
			isa = PBXGroup;
			children = (
				CCC322FA237B738F00A48791 /* Main.storyboard */,
				CCC32300237B739100A48791 /* Assets.xcassets */,
				CCC32302237B739100A48791 /* LaunchScreen.storyboard */,
			);
			path = View;
			sourceTree = "<group>";
		};
		CCC3230C237B74E500A48791 /* Model */ = {
			isa = PBXGroup;
			children = (
				CCC3230E237B752A00A48791 /* DogAPI.swift */,
				1EDF4333237C8C0C005BA256 /* DogImage.swift */,
				1EDF4335237DFA82005BA256 /* BreedsListResponse.swift */,
			);
			path = Model;
			sourceTree = "<group>";
		};
		CCC3230D237B74EB00A48791 /* Controller */ = {
			isa = PBXGroup;
			children = (
				CCC322F8237B738F00A48791 /* ViewController.swift */,
			);
			path = Controller;
			sourceTree = "<group>";
		};
/* End PBXGroup section */

/* Begin PBXNativeTarget section */
		CCC322F0237B738F00A48791 /* Randog-2.0 */ = {
			isa = PBXNativeTarget;
			buildConfigurationList = CCC32308237B739100A48791 /* Build configuration list for PBXNativeTarget "Randog-2.0" */;
			buildPhases = (
				CCC322ED237B738F00A48791 /* Sources */,
				CCC322EE237B738F00A48791 /* Frameworks */,
				CCC322EF237B738F00A48791 /* Resources */,
			);
			buildRules = (
			);
			dependencies = (
			);
			name = "Randog-2.0";
			productName = "Randog-2.0";
			productReference = CCC322F1237B738F00A48791 /* Randog-2.0.app */;
			productType = "com.apple.product-type.application";
		};
/* End PBXNativeTarget section */

/* Begin PBXProject section */
		CCC322E9237B738F00A48791 /* Project object */ = {
			isa = PBXProject;
			attributes = {
				LastSwiftUpdateCheck = 1120;
				LastUpgradeCheck = 1120;
				ORGANIZATIONNAME = "Michael Haviv";
				TargetAttributes = {
					CCC322F0237B738F00A48791 = {
						CreatedOnToolsVersion = 11.2;
					};
				};
			};
			buildConfigurationList = CCC322EC237B738F00A48791 /* Build configuration list for PBXProject "Randog-2.0" */;
			compatibilityVersion = "Xcode 9.3";
			developmentRegion = en;
			hasScannedForEncodings = 0;
			knownRegions = (
				en,
				Base,
			);
			mainGroup = CCC322E8237B738F00A48791;
			productRefGroup = CCC322F2237B738F00A48791 /* Products */;
			projectDirPath = "";
			projectRoot = "";
			targets = (
				CCC322F0237B738F00A48791 /* Randog-2.0 */,
			);
		};
/* End PBXProject section */

/* Begin PBXResourcesBuildPhase section */
		CCC322EF237B738F00A48791 /* Resources */ = {
			isa = PBXResourcesBuildPhase;
			buildActionMask = 2147483647;
			files = (
				CCC32304237B739100A48791 /* LaunchScreen.storyboard in Resources */,
				CCC32301237B739100A48791 /* Assets.xcassets in Resources */,
				CCC322FC237B738F00A48791 /* Main.storyboard in Resources */,
			);
			runOnlyForDeploymentPostprocessing = 0;
		};
/* End PBXResourcesBuildPhase section */

/* Begin PBXSourcesBuildPhase section */
		CCC322ED237B738F00A48791 /* Sources */ = {
			isa = PBXSourcesBuildPhase;
			buildActionMask = 2147483647;
			files = (
				CCC3230F237B752A00A48791 /* DogAPI.swift in Sources */,
				CCC322F9237B738F00A48791 /* ViewController.swift in Sources */,
				CCC322F5237B738F00A48791 /* AppDelegate.swift in Sources */,
				CCC322FF237B738F00A48791 /* Randog_2_0.xcdatamodeld in Sources */,
				1EDF4334237C8C0C005BA256 /* DogImage.swift in Sources */,
				1EDF4336237DFA82005BA256 /* BreedsListResponse.swift in Sources */,
				CCC322F7237B738F00A48791 /* SceneDelegate.swift in Sources */,
			);
			runOnlyForDeploymentPostprocessing = 0;
		};
/* End PBXSourcesBuildPhase section */

/* Begin PBXVariantGroup section */
		CCC322FA237B738F00A48791 /* Main.storyboard */ = {
			isa = PBXVariantGroup;
			children = (
				CCC322FB237B738F00A48791 /* Base */,
			);
			name = Main.storyboard;
			sourceTree = "<group>";
		};
		CCC32302237B739100A48791 /* LaunchScreen.storyboard */ = {
			isa = PBXVariantGroup;
			children = (
				CCC32303237B739100A48791 /* Base */,
			);
			name = LaunchScreen.storyboard;
			sourceTree = "<group>";
		};
/* End PBXVariantGroup section */

/* Begin XCBuildConfiguration section */
		CCC32306237B739100A48791 /* Debug */ = {
			isa = XCBuildConfiguration;
			buildSettings = {
				ALWAYS_SEARCH_USER_PATHS = NO;
				CLANG_ANALYZER_NONNULL = YES;
				CLANG_ANALYZER_NUMBER_OBJECT_CONVERSION = YES_AGGRESSIVE;
				CLANG_CXX_LANGUAGE_STANDARD = "gnu++14";
				CLANG_CXX_LIBRARY = "libc++";
				CLANG_ENABLE_MODULES = YES;
				CLANG_ENABLE_OBJC_ARC = YES;
				CLANG_ENABLE_OBJC_WEAK = YES;
				CLANG_WARN_BLOCK_CAPTURE_AUTORELEASING = YES;
				CLANG_WARN_BOOL_CONVERSION = YES;
				CLANG_WARN_COMMA = YES;
				CLANG_WARN_CONSTANT_CONVERSION = YES;
				CLANG_WARN_DEPRECATED_OBJC_IMPLEMENTATIONS = YES;
				CLANG_WARN_DIRECT_OBJC_ISA_USAGE = YES_ERROR;
				CLANG_WARN_DOCUMENTATION_COMMENTS = YES;
				CLANG_WARN_EMPTY_BODY = YES;
				CLANG_WARN_ENUM_CONVERSION = YES;
				CLANG_WARN_INFINITE_RECURSION = YES;
				CLANG_WARN_INT_CONVERSION = YES;
				CLANG_WARN_NON_LITERAL_NULL_CONVERSION = YES;
				CLANG_WARN_OBJC_IMPLICIT_RETAIN_SELF = YES;
				CLANG_WARN_OBJC_LITERAL_CONVERSION = YES;
				CLANG_WARN_OBJC_ROOT_CLASS = YES_ERROR;
				CLANG_WARN_RANGE_LOOP_ANALYSIS = YES;
				CLANG_WARN_STRICT_PROTOTYPES = YES;
				CLANG_WARN_SUSPICIOUS_MOVE = YES;
				CLANG_WARN_UNGUARDED_AVAILABILITY = YES_AGGRESSIVE;
				CLANG_WARN_UNREACHABLE_CODE = YES;
				CLANG_WARN__DUPLICATE_METHOD_MATCH = YES;
				COPY_PHASE_STRIP = NO;
				DEBUG_INFORMATION_FORMAT = dwarf;
				ENABLE_STRICT_OBJC_MSGSEND = YES;
				ENABLE_TESTABILITY = YES;
				GCC_C_LANGUAGE_STANDARD = gnu11;
				GCC_DYNAMIC_NO_PIC = NO;
				GCC_NO_COMMON_BLOCKS = YES;
				GCC_OPTIMIZATION_LEVEL = 0;
				GCC_PREPROCESSOR_DEFINITIONS = (
					"DEBUG=1",
					"$(inherited)",
				);
				GCC_WARN_64_TO_32_BIT_CONVERSION = YES;
				GCC_WARN_ABOUT_RETURN_TYPE = YES_ERROR;
				GCC_WARN_UNDECLARED_SELECTOR = YES;
				GCC_WARN_UNINITIALIZED_AUTOS = YES_AGGRESSIVE;
				GCC_WARN_UNUSED_FUNCTION = YES;
				GCC_WARN_UNUSED_VARIABLE = YES;
				IPHONEOS_DEPLOYMENT_TARGET = 13.2;
				MTL_ENABLE_DEBUG_INFO = INCLUDE_SOURCE;
				MTL_FAST_MATH = YES;
				ONLY_ACTIVE_ARCH = YES;
				SDKROOT = iphoneos;
				SWIFT_ACTIVE_COMPILATION_CONDITIONS = DEBUG;
				SWIFT_OPTIMIZATION_LEVEL = "-Onone";
			};
			name = Debug;
		};
		CCC32307237B739100A48791 /* Release */ = {
			isa = XCBuildConfiguration;
			buildSettings = {
				ALWAYS_SEARCH_USER_PATHS = NO;
				CLANG_ANALYZER_NONNULL = YES;
				CLANG_ANALYZER_NUMBER_OBJECT_CONVERSION = YES_AGGRESSIVE;
				CLANG_CXX_LANGUAGE_STANDARD = "gnu++14";
				CLANG_CXX_LIBRARY = "libc++";
				CLANG_ENABLE_MODULES = YES;
				CLANG_ENABLE_OBJC_ARC = YES;
				CLANG_ENABLE_OBJC_WEAK = YES;
				CLANG_WARN_BLOCK_CAPTURE_AUTORELEASING = YES;
				CLANG_WARN_BOOL_CONVERSION = YES;
				CLANG_WARN_COMMA = YES;
				CLANG_WARN_CONSTANT_CONVERSION = YES;
				CLANG_WARN_DEPRECATED_OBJC_IMPLEMENTATIONS = YES;
				CLANG_WARN_DIRECT_OBJC_ISA_USAGE = YES_ERROR;
				CLANG_WARN_DOCUMENTATION_COMMENTS = YES;
				CLANG_WARN_EMPTY_BODY = YES;
				CLANG_WARN_ENUM_CONVERSION = YES;
				CLANG_WARN_INFINITE_RECURSION = YES;
				CLANG_WARN_INT_CONVERSION = YES;
				CLANG_WARN_NON_LITERAL_NULL_CONVERSION = YES;
				CLANG_WARN_OBJC_IMPLICIT_RETAIN_SELF = YES;
				CLANG_WARN_OBJC_LITERAL_CONVERSION = YES;
				CLANG_WARN_OBJC_ROOT_CLASS = YES_ERROR;
				CLANG_WARN_RANGE_LOOP_ANALYSIS = YES;
				CLANG_WARN_STRICT_PROTOTYPES = YES;
				CLANG_WARN_SUSPICIOUS_MOVE = YES;
				CLANG_WARN_UNGUARDED_AVAILABILITY = YES_AGGRESSIVE;
				CLANG_WARN_UNREACHABLE_CODE = YES;
				CLANG_WARN__DUPLICATE_METHOD_MATCH = YES;
				COPY_PHASE_STRIP = NO;
				DEBUG_INFORMATION_FORMAT = "dwarf-with-dsym";
				ENABLE_NS_ASSERTIONS = NO;
				ENABLE_STRICT_OBJC_MSGSEND = YES;
				GCC_C_LANGUAGE_STANDARD = gnu11;
				GCC_NO_COMMON_BLOCKS = YES;
				GCC_WARN_64_TO_32_BIT_CONVERSION = YES;
				GCC_WARN_ABOUT_RETURN_TYPE = YES_ERROR;
				GCC_WARN_UNDECLARED_SELECTOR = YES;
				GCC_WARN_UNINITIALIZED_AUTOS = YES_AGGRESSIVE;
				GCC_WARN_UNUSED_FUNCTION = YES;
				GCC_WARN_UNUSED_VARIABLE = YES;
				IPHONEOS_DEPLOYMENT_TARGET = 13.2;
				MTL_ENABLE_DEBUG_INFO = NO;
				MTL_FAST_MATH = YES;
				SDKROOT = iphoneos;
				SWIFT_COMPILATION_MODE = wholemodule;
				SWIFT_OPTIMIZATION_LEVEL = "-O";
				VALIDATE_PRODUCT = YES;
			};
			name = Release;
		};
		CCC32309237B739100A48791 /* Debug */ = {
			isa = XCBuildConfiguration;
			buildSettings = {
				ASSETCATALOG_COMPILER_APPICON_NAME = AppIcon;
				CODE_SIGN_STYLE = Automatic;
				DEVELOPMENT_TEAM = XM288BRHM4;
				INFOPLIST_FILE = "Randog-2.0/Info.plist";
				IPHONEOS_DEPLOYMENT_TARGET = 11.0;
				LD_RUNPATH_SEARCH_PATHS = (
					"$(inherited)",
					"@executable_path/Frameworks",
				);
				PRODUCT_BUNDLE_IDENTIFIER = "com.Michael-Haviv.Randog-2-0";
				PRODUCT_NAME = "$(TARGET_NAME)";
				SWIFT_VERSION = 5.0;
				TARGETED_DEVICE_FAMILY = "1,2";
			};
			name = Debug;
		};
		CCC3230A237B739100A48791 /* Release */ = {
			isa = XCBuildConfiguration;
			buildSettings = {
				ASSETCATALOG_COMPILER_APPICON_NAME = AppIcon;
				CODE_SIGN_STYLE = Automatic;
				DEVELOPMENT_TEAM = XM288BRHM4;
				INFOPLIST_FILE = "Randog-2.0/Info.plist";
				IPHONEOS_DEPLOYMENT_TARGET = 11.0;
				LD_RUNPATH_SEARCH_PATHS = (
					"$(inherited)",
					"@executable_path/Frameworks",
				);
				PRODUCT_BUNDLE_IDENTIFIER = "com.Michael-Haviv.Randog-2-0";
				PRODUCT_NAME = "$(TARGET_NAME)";
				SWIFT_VERSION = 5.0;
				TARGETED_DEVICE_FAMILY = "1,2";
			};
			name = Release;
		};
/* End XCBuildConfiguration section */

/* Begin XCConfigurationList section */
		CCC322EC237B738F00A48791 /* Build configuration list for PBXProject "Randog-2.0" */ = {
			isa = XCConfigurationList;
			buildConfigurations = (
				CCC32306237B739100A48791 /* Debug */,
				CCC32307237B739100A48791 /* Release */,
			);
			defaultConfigurationIsVisible = 0;
			defaultConfigurationName = Release;
		};
		CCC32308237B739100A48791 /* Build configuration list for PBXNativeTarget "Randog-2.0" */ = {
			isa = XCConfigurationList;
			buildConfigurations = (
				CCC32309237B739100A48791 /* Debug */,
				CCC3230A237B739100A48791 /* Release */,
			);
			defaultConfigurationIsVisible = 0;
			defaultConfigurationName = Release;
		};
/* End XCConfigurationList section */

/* Begin XCVersionGroup section */
		CCC322FD237B738F00A48791 /* Randog_2_0.xcdatamodeld */ = {
			isa = XCVersionGroup;
			children = (
				CCC322FE237B738F00A48791 /* Randog_2_0.xcdatamodel */,
			);
			currentVersion = CCC322FE237B738F00A48791 /* Randog_2_0.xcdatamodel */;
			path = Randog_2_0.xcdatamodeld;
			sourceTree = "<group>";
			versionGroupType = wrapper.xcdatamodel;
		};
/* End XCVersionGroup section */
	};
	rootObject = CCC322E9237B738F00A48791 /* Project object */;
}
